
Microsoft Visual Studio Solution File, Format Version 12.00
# Visual Studio Version 17
VisualStudioVersion = 17.13.35913.81
MinimumVisualStudioVersion = 10.0.40219.1
Project("{FAE04EC0-301F-11D3-BF4B-00C04F79EFBC}") = "MailMate_BE_V2", "MailMate_BE_V2\MailMate_BE_V2.csproj", "{62C393D9-6B9A-4EFD-B65F-F6EB8905B22F}"
EndProject
Global
	GlobalSection(SolutionConfigurationPlatforms) = preSolution
		Debug|Any CPU = Debug|Any CPU
		Release|Any CPU = Release|Any CPU
	EndGlobalSection
	GlobalSection(ProjectConfigurationPlatforms) = postSolution
		{62C393D9-6B9A-4EFD-B65F-F6EB8905B22F}.Debug|Any CPU.ActiveCfg = Debug|Any CPU
		{62C393D9-6B9A-4EFD-B65F-F6EB8905B22F}.Debug|Any CPU.Build.0 = Debug|Any CPU
		{62C393D9-6B9A-4EFD-B65F-F6EB8905B22F}.Release|Any CPU.ActiveCfg = Release|Any CPU
		{62C393D9-6B9A-4EFD-B65F-F6EB8905B22F}.Release|Any CPU.Build.0 = Release|Any CPU
	EndGlobalSection
	GlobalSection(SolutionProperties) = preSolution
		HideSolutionNode = FALSE
	EndGlobalSection
	GlobalSection(ExtensibilityGlobals) = postSolution
		SolutionGuid = {7C5B33A1-3E4F-46EC-A5F0-F212C30463EB}
	EndGlobalSection
EndGlobal
